
Microsoft Visual Studio Solution File, Format Version 12.00
# Visual Studio 15
Project("{FAE04EC0-301F-11D3-BF4B-00C04F79EFBC}") = "Unity.Timeline", "Unity.Timeline.csproj", "{7140B0F3-92BA-1012-6439-AD904E6860F6}"
EndProject
Project("{FAE04EC0-301F-11D3-BF4B-00C04F79EFBC}") = "Unity.VisualScripting.Flow", "Unity.VisualScripting.Flow.csproj", "{403F5967-B4A6-6516-296C-8A4C6C8099E8}"
EndProject
Project("{FAE04EC0-301F-11D3-BF4B-00C04F79EFBC}") = "Unity.Timeline.Editor", "Unity.Timeline.Editor.csproj", "{4AD062E0-C908-3DE2-4028-BF8358EC1C7C}"
EndProject
Project("{FAE04EC0-301F-11D3-BF4B-00C04F79EFBC}") = "Unity.PlasticSCM.Editor", "Unity.PlasticSCM.Editor.csproj", "{71707A19-8982-CC2F-1EAA-DF719EEF87DD}"
EndProject
Project("{FAE04EC0-301F-11D3-BF4B-00C04F79EFBC}") = "Unity.VisualScripting.Core.Editor", "Unity.VisualScripting.Core.Editor.csproj", "{69DE3E0A-061F-2CD4-0D5E-BC27E8E02A68}"
EndProject
Project("{FAE04EC0-301F-11D3-BF4B-00C04F79EFBC}") = "UnityEditor.TestRunner", "UnityEditor.TestRunner.csproj", "{2B0ABF35-2AE3-6322-8629-8737ECC634D4}"
EndProject
Project("{FAE04EC0-301F-11D3-BF4B-00C04F79EFBC}") = "UnityEngine.TestRunner", "UnityEngine.TestRunner.csproj", "{47C0957A-28DA-FA5D-743B-EF9BB9E34740}"
EndProject
Project("{FAE04EC0-301F-11D3-BF4B-00C04F79EFBC}") = "Unity.VisualScripting.Core", "Unity.VisualScripting.Core.csproj", "{F69FEE6E-CD9F-1E3E-AD71-29B5CB6FB858}"
EndProject
Project("{FAE04EC0-301F-11D3-BF4B-00C04F79EFBC}") = "Unity.VisualScripting.Flow.Editor", "Unity.VisualScripting.Flow.Editor.csproj", "{CC7D7950-2066-89F1-74D0-682E3DD2C383}"
EndProject
Project("{FAE04EC0-301F-11D3-BF4B-00C04F79EFBC}") = "Unity.VisualStudio.Editor", "Unity.VisualStudio.Editor.csproj", "{FB94CDF9-42C5-92A9-A54D-17941CB4404D}"
EndProject
Project("{FAE04EC0-301F-11D3-BF4B-00C04F79EFBC}") = "Unity.TestTools.CodeCoverage.Editor.OpenCover.Model", "Unity.TestTools.CodeCoverage.Editor.OpenCover.Model.csproj", "{89F07F04-FB6A-9364-522E-CC4B0451B18C}"
EndProject
Project("{FAE04EC0-301F-11D3-BF4B-00C04F79EFBC}") = "Unity.Rider.Editor", "Unity.Rider.Editor.csproj", "{336844FD-1059-6B43-E8BB-C7224812783E}"
EndProject
Project("{FAE04EC0-301F-11D3-BF4B-00C04F79EFBC}") = "Unity.VisualScripting.State.Editor", "Unity.VisualScripting.State.Editor.csproj", "{DD8B9E14-B8D7-1A27-486F-C4B6C852ED44}"
EndProject
Project("{FAE04EC0-301F-11D3-BF4B-00C04F79EFBC}") = "Unity.TestTools.CodeCoverage.Editor", "Unity.TestTools.CodeCoverage.Editor.csproj", "{0B963BCB-9C00-1FBF-915A-C14A96E19956}"
EndProject
Project("{FAE04EC0-301F-11D3-BF4B-00C04F79EFBC}") = "Assembly-CSharp", "Assembly-CSharp.csproj", "{7C1B494C-6083-00C3-F90D-DC9080F67729}"
EndProject
Project("{FAE04EC0-301F-11D3-BF4B-00C04F79EFBC}") = "Unity.VisualScripting.State", "Unity.VisualScripting.State.csproj", "{469719F9-40D6-0740-91E4-51B766A34B36}"
EndProject
Project("{FAE04EC0-301F-11D3-BF4B-00C04F79EFBC}") = "Unity.Performance.Profile-Analyzer.Editor", "Unity.Performance.Profile-Analyzer.Editor.csproj", "{DFEED7D4-6E4B-04C0-1B00-5DF429A2DAE1}"
EndProject
Project("{FAE04EC0-301F-11D3-BF4B-00C04F79EFBC}") = "Unity.VisualScripting.SettingsProvider.Editor", "Unity.VisualScripting.SettingsProvider.Editor.csproj", "{FA2F7F58-DF18-8437-DD09-E192EA4A688F}"
EndProject
Project("{FAE04EC0-301F-11D3-BF4B-00C04F79EFBC}") = "Unity.TestTools.CodeCoverage.Editor.OpenCover.Mono.Reflection", "Unity.TestTools.CodeCoverage.Editor.OpenCover.Mono.Reflection.csproj", "{E9E020A1-665F-6369-0809-2CA6C7C86317}"
EndProject
Project("{FAE04EC0-301F-11D3-BF4B-00C04F79EFBC}") = "Unity.Settings.Editor", "Unity.Settings.Editor.csproj", "{6E4F675A-3840-5F95-147B-85901931316C}"
EndProject
Project("{FAE04EC0-301F-11D3-BF4B-00C04F79EFBC}") = "Unity.VisualScripting.Shared.Editor", "Unity.VisualScripting.Shared.Editor.csproj", "{D2565F1F-6313-1827-EC7E-E914E4896958}"
EndProject
Project("{FAE04EC0-301F-11D3-BF4B-00C04F79EFBC}") = "Unity.EditorCoroutines.Editor", "Unity.EditorCoroutines.Editor.csproj", "{FF56CE44-B73E-68D4-A74A-18DEFC5A9072}"
EndProject
Project("{FAE04EC0-301F-11D3-BF4B-00C04F79EFBC}") = "Unity.CollabProxy.Editor", "Unity.CollabProxy.Editor.csproj", "{F35EEE6D-5E29-0223-26B4-66BC65A61C2D}"
EndProject
Global
	GlobalSection(SolutionConfigurationPlatforms) = preSolution
		Debug|Any CPU = Debug|Any CPU
		Release|Any CPU = Release|Any CPU
	EndGlobalSection
	GlobalSection(ProjectConfigurationPlatforms) = postSolution
		{7140B0F3-92BA-1012-6439-AD904E6860F6}.Debug|Any CPU.ActiveCfg = Debug|Any CPU
		{7140B0F3-92BA-1012-6439-AD904E6860F6}.Debug|Any CPU.Build.0 = Debug|Any CPU
		{7140B0F3-92BA-1012-6439-AD904E6860F6}.Release|Any CPU.ActiveCfg = Release|Any CPU
		{7140B0F3-92BA-1012-6439-AD904E6860F6}.Release|Any CPU.Build.0 = Release|Any CPU
		{403F5967-B4A6-6516-296C-8A4C6C8099E8}.Debug|Any CPU.ActiveCfg = Debug|Any CPU
		{403F5967-B4A6-6516-296C-8A4C6C8099E8}.Debug|Any CPU.Build.0 = Debug|Any CPU
		{403F5967-B4A6-6516-296C-8A4C6C8099E8}.Release|Any CPU.ActiveCfg = Release|Any CPU
		{403F5967-B4A6-6516-296C-8A4C6C8099E8}.Release|Any CPU.Build.0 = Release|Any CPU
		{4AD062E0-C908-3DE2-4028-BF8358EC1C7C}.Debug|Any CPU.ActiveCfg = Debug|Any CPU
		{4AD062E0-C908-3DE2-4028-BF8358EC1C7C}.Debug|Any CPU.Build.0 = Debug|Any CPU
		{4AD062E0-C908-3DE2-4028-BF8358EC1C7C}.Release|Any CPU.ActiveCfg = Release|Any CPU
		{4AD062E0-C908-3DE2-4028-BF8358EC1C7C}.Release|Any CPU.Build.0 = Release|Any CPU
		{71707A19-8982-CC2F-1EAA-DF719EEF87DD}.Debug|Any CPU.ActiveCfg = Debug|Any CPU
		{71707A19-8982-CC2F-1EAA-DF719EEF87DD}.Debug|Any CPU.Build.0 = Debug|Any CPU
		{71707A19-8982-CC2F-1EAA-DF719EEF87DD}.Release|Any CPU.ActiveCfg = Release|Any CPU
		{71707A19-8982-CC2F-1EAA-DF719EEF87DD}.Release|Any CPU.Build.0 = Release|Any CPU
		{69DE3E0A-061F-2CD4-0D5E-BC27E8E02A68}.Debug|Any CPU.ActiveCfg = Debug|Any CPU
		{69DE3E0A-061F-2CD4-0D5E-BC27E8E02A68}.Debug|Any CPU.Build.0 = Debug|Any CPU
		{69DE3E0A-061F-2CD4-0D5E-BC27E8E02A68}.Release|Any CPU.ActiveCfg = Release|Any CPU
		{69DE3E0A-061F-2CD4-0D5E-BC27E8E02A68}.Release|Any CPU.Build.0 = Release|Any CPU
		{2B0ABF35-2AE3-6322-8629-8737ECC634D4}.Debug|Any CPU.ActiveCfg = Debug|Any CPU
		{2B0ABF35-2AE3-6322-8629-8737ECC634D4}.Debug|Any CPU.Build.0 = Debug|Any CPU
		{2B0ABF35-2AE3-6322-8629-8737ECC634D4}.Release|Any CPU.ActiveCfg = Release|Any CPU
		{2B0ABF35-2AE3-6322-8629-8737ECC634D4}.Release|Any CPU.Build.0 = Release|Any CPU
		{47C0957A-28DA-FA5D-743B-EF9BB9E34740}.Debug|Any CPU.ActiveCfg = Debug|Any CPU
		{47C0957A-28DA-FA5D-743B-EF9BB9E34740}.Debug|Any CPU.Build.0 = Debug|Any CPU
		{47C0957A-28DA-FA5D-743B-EF9BB9E34740}.Release|Any CPU.ActiveCfg = Release|Any CPU
		{47C0957A-28DA-FA5D-743B-EF9BB9E34740}.Release|Any CPU.Build.0 = Release|Any CPU
		{F69FEE6E-CD9F-1E3E-AD71-29B5CB6FB858}.Debug|Any CPU.ActiveCfg = Debug|Any CPU
		{F69FEE6E-CD9F-1E3E-AD71-29B5CB6FB858}.Debug|Any CPU.Build.0 = Debug|Any CPU
		{F69FEE6E-CD9F-1E3E-AD71-29B5CB6FB858}.Release|Any CPU.ActiveCfg = Release|Any CPU
		{F69FEE6E-CD9F-1E3E-AD71-29B5CB6FB858}.Release|Any CPU.Build.0 = Release|Any CPU
		{CC7D7950-2066-89F1-74D0-682E3DD2C383}.Debug|Any CPU.ActiveCfg = Debug|Any CPU
		{CC7D7950-2066-89F1-74D0-682E3DD2C383}.Debug|Any CPU.Build.0 = Debug|Any CPU
		{CC7D7950-2066-89F1-74D0-682E3DD2C383}.Release|Any CPU.ActiveCfg = Release|Any CPU
		{CC7D7950-2066-89F1-74D0-682E3DD2C383}.Release|Any CPU.Build.0 = Release|Any CPU
		{FB94CDF9-42C5-92A9-A54D-17941CB4404D}.Debug|Any CPU.ActiveCfg = Debug|Any CPU
		{FB94CDF9-42C5-92A9-A54D-17941CB4404D}.Debug|Any CPU.Build.0 = Debug|Any CPU
		{FB94CDF9-42C5-92A9-A54D-17941CB4404D}.Release|Any CPU.ActiveCfg = Release|Any CPU
		{FB94CDF9-42C5-92A9-A54D-17941CB4404D}.Release|Any CPU.Build.0 = Release|Any CPU
		{89F07F04-FB6A-9364-522E-CC4B0451B18C}.Debug|Any CPU.ActiveCfg = Debug|Any CPU
		{89F07F04-FB6A-9364-522E-CC4B0451B18C}.Debug|Any CPU.Build.0 = Debug|Any CPU
		{89F07F04-FB6A-9364-522E-CC4B0451B18C}.Release|Any CPU.ActiveCfg = Release|Any CPU
		{89F07F04-FB6A-9364-522E-CC4B0451B18C}.Release|Any CPU.Build.0 = Release|Any CPU
		{336844FD-1059-6B43-E8BB-C7224812783E}.Debug|Any CPU.ActiveCfg = Debug|Any CPU
		{336844FD-1059-6B43-E8BB-C7224812783E}.Debug|Any CPU.Build.0 = Debug|Any CPU
		{336844FD-1059-6B43-E8BB-C7224812783E}.Release|Any CPU.ActiveCfg = Release|Any CPU
		{336844FD-1059-6B43-E8BB-C7224812783E}.Release|Any CPU.Build.0 = Release|Any CPU
		{DD8B9E14-B8D7-1A27-486F-C4B6C852ED44}.Debug|Any CPU.ActiveCfg = Debug|Any CPU
		{DD8B9E14-B8D7-1A27-486F-C4B6C852ED44}.Debug|Any CPU.Build.0 = Debug|Any CPU
		{DD8B9E14-B8D7-1A27-486F-C4B6C852ED44}.Release|Any CPU.ActiveCfg = Release|Any CPU
		{DD8B9E14-B8D7-1A27-486F-C4B6C852ED44}.Release|Any CPU.Build.0 = Release|Any CPU
		{0B963BCB-9C00-1FBF-915A-C14A96E19956}.Debug|Any CPU.ActiveCfg = Debug|Any CPU
		{0B963BCB-9C00-1FBF-915A-C14A96E19956}.Debug|Any CPU.Build.0 = Debug|Any CPU
		{0B963BCB-9C00-1FBF-915A-C14A96E19956}.Release|Any CPU.ActiveCfg = Release|Any CPU
		{0B963BCB-9C00-1FBF-915A-C14A96E19956}.Release|Any CPU.Build.0 = Release|Any CPU
		{7C1B494C-6083-00C3-F90D-DC9080F67729}.Debug|Any CPU.ActiveCfg = Debug|Any CPU
		{7C1B494C-6083-00C3-F90D-DC9080F67729}.Debug|Any CPU.Build.0 = Debug|Any CPU
		{7C1B494C-6083-00C3-F90D-DC9080F67729}.Release|Any CPU.ActiveCfg = Release|Any CPU
		{7C1B494C-6083-00C3-F90D-DC9080F67729}.Release|Any CPU.Build.0 = Release|Any CPU
		{469719F9-40D6-0740-91E4-51B766A34B36}.Debug|Any CPU.ActiveCfg = Debug|Any CPU
		{469719F9-40D6-0740-91E4-51B766A34B36}.Debug|Any CPU.Build.0 = Debug|Any CPU
		{469719F9-40D6-0740-91E4-51B766A34B36}.Release|Any CPU.ActiveCfg = Release|Any CPU
		{469719F9-40D6-0740-91E4-51B766A34B36}.Release|Any CPU.Build.0 = Release|Any CPU
		{DFEED7D4-6E4B-04C0-1B00-5DF429A2DAE1}.Debug|Any CPU.ActiveCfg = Debug|Any CPU
		{DFEED7D4-6E4B-04C0-1B00-5DF429A2DAE1}.Debug|Any CPU.Build.0 = Debug|Any CPU
		{DFEED7D4-6E4B-04C0-1B00-5DF429A2DAE1}.Release|Any CPU.ActiveCfg = Release|Any CPU
		{DFEED7D4-6E4B-04C0-1B00-5DF429A2DAE1}.Release|Any CPU.Build.0 = Release|Any CPU
		{FA2F7F58-DF18-8437-DD09-E192EA4A688F}.Debug|Any CPU.ActiveCfg = Debug|Any CPU
		{FA2F7F58-DF18-8437-DD09-E192EA4A688F}.Debug|Any CPU.Build.0 = Debug|Any CPU
		{FA2F7F58-DF18-8437-DD09-E192EA4A688F}.Release|Any CPU.ActiveCfg = Release|Any CPU
		{FA2F7F58-DF18-8437-DD09-E192EA4A688F}.Release|Any CPU.Build.0 = Release|Any CPU
		{E9E020A1-665F-6369-0809-2CA6C7C86317}.Debug|Any CPU.ActiveCfg = Debug|Any CPU
		{E9E020A1-665F-6369-0809-2CA6C7C86317}.Debug|Any CPU.Build.0 = Debug|Any CPU
		{E9E020A1-665F-6369-0809-2CA6C7C86317}.Release|Any CPU.ActiveCfg = Release|Any CPU
		{E9E020A1-665F-6369-0809-2CA6C7C86317}.Release|Any CPU.Build.0 = Release|Any CPU
		{6E4F675A-3840-5F95-147B-85901931316C}.Debug|Any CPU.ActiveCfg = Debug|Any CPU
		{6E4F675A-3840-5F95-147B-85901931316C}.Debug|Any CPU.Build.0 = Debug|Any CPU
		{6E4F675A-3840-5F95-147B-85901931316C}.Release|Any CPU.ActiveCfg = Release|Any CPU
		{6E4F675A-3840-5F95-147B-85901931316C}.Release|Any CPU.Build.0 = Release|Any CPU
		{D2565F1F-6313-1827-EC7E-E914E4896958}.Debug|Any CPU.ActiveCfg = Debug|Any CPU
		{D2565F1F-6313-1827-EC7E-E914E4896958}.Debug|Any CPU.Build.0 = Debug|Any CPU
		{D2565F1F-6313-1827-EC7E-E914E4896958}.Release|Any CPU.ActiveCfg = Release|Any CPU
		{D2565F1F-6313-1827-EC7E-E914E4896958}.Release|Any CPU.Build.0 = Release|Any CPU
		{FF56CE44-B73E-68D4-A74A-18DEFC5A9072}.Debug|Any CPU.ActiveCfg = Debug|Any CPU
		{FF56CE44-B73E-68D4-A74A-18DEFC5A9072}.Debug|Any CPU.Build.0 = Debug|Any CPU
		{FF56CE44-B73E-68D4-A74A-18DEFC5A9072}.Release|Any CPU.ActiveCfg = Release|Any CPU
		{FF56CE44-B73E-68D4-A74A-18DEFC5A9072}.Release|Any CPU.Build.0 = Release|Any CPU
		{F35EEE6D-5E29-0223-26B4-66BC65A61C2D}.Debug|Any CPU.ActiveCfg = Debug|Any CPU
		{F35EEE6D-5E29-0223-26B4-66BC65A61C2D}.Debug|Any CPU.Build.0 = Debug|Any CPU
		{F35EEE6D-5E29-0223-26B4-66BC65A61C2D}.Release|Any CPU.ActiveCfg = Release|Any CPU
		{F35EEE6D-5E29-0223-26B4-66BC65A61C2D}.Release|Any CPU.Build.0 = Release|Any CPU
	EndGlobalSection
	GlobalSection(SolutionProperties) = preSolution
		HideSolutionNode = FALSE
	EndGlobalSection
EndGlobal
